
Microsoft Visual Studio Solution File, Format Version 12.00
# Visual Studio 15
VisualStudioVersion = 15.0.28307.779
MinimumVisualStudioVersion = 10.0.40219.1
Project("{FAE04EC0-301F-11D3-BF4B-00C04F79EFBC}") = "BotExtended", "BotExtended\BotExtended.csproj", "{AE9E68C2-4206-4EC0-8531-9E4842A95EE6}"
EndProject
Project("{FAE04EC0-301F-11D3-BF4B-00C04F79EFBC}") = "BotExtended.Script", "BotExtended.Script\BotExtended.Script.csproj", "{14BB508C-FE7B-47EE-9864-1659A1E0C19A}"
EndProject
Global
	GlobalSection(SolutionConfigurationPlatforms) = preSolution
		Debug|Any CPU = Debug|Any CPU
		Release|Any CPU = Release|Any CPU
	EndGlobalSection
	GlobalSection(ProjectConfigurationPlatforms) = postSolution
		{AE9E68C2-4206-4EC0-8531-9E4842A95EE6}.Debug|Any CPU.ActiveCfg = Debug|Any CPU
		{AE9E68C2-4206-4EC0-8531-9E4842A95EE6}.Debug|Any CPU.Build.0 = Debug|Any CPU
		{AE9E68C2-4206-4EC0-8531-9E4842A95EE6}.Release|Any CPU.ActiveCfg = Release|Any CPU
		{AE9E68C2-4206-4EC0-8531-9E4842A95EE6}.Release|Any CPU.Build.0 = Release|Any CPU
		{14BB508C-FE7B-47EE-9864-1659A1E0C19A}.Debug|Any CPU.ActiveCfg = Debug|Any CPU
		{14BB508C-FE7B-47EE-9864-1659A1E0C19A}.Debug|Any CPU.Build.0 = Debug|Any CPU
		{14BB508C-FE7B-47EE-9864-1659A1E0C19A}.Release|Any CPU.ActiveCfg = Release|Any CPU
		{14BB508C-FE7B-47EE-9864-1659A1E0C19A}.Release|Any CPU.Build.0 = Release|Any CPU
	EndGlobalSection
	GlobalSection(SolutionProperties) = preSolution
		HideSolutionNode = FALSE
	EndGlobalSection
	GlobalSection(ExtensibilityGlobals) = postSolution
		SolutionGuid = {D34059F0-FA12-462A-BFA6-5F449CBB48D3}
	EndGlobalSection
EndGlobal
